# THIS IS AN AUTOGENERATED FILE. DO NOT EDIT THIS FILE DIRECTLY.
# yarn lockfile v1


"@babel/helper-validator-identifier@^7.9.0":
  version "7.9.0"
  resolved "https://registry.yarnpkg.com/@babel/helper-validator-identifier/-/helper-validator-identifier-7.9.0.tgz#ad53562a7fc29b3b9a91bbf7d10397fd146346ed"
  integrity sha512-6G8bQKjOh+of4PV/ThDm/rRqlU7+IGoJuofpagU5GlEl29Vv0RGqqt86ZGRV8ZuSOY3o+8yXl5y782SMcG7SHw==

"@babel/parser@^7.1.0":
  version "7.9.4"
  resolved "https://registry.yarnpkg.com/@babel/parser/-/parser-7.9.4.tgz#68a35e6b0319bbc014465be43828300113f2f2e8"
  integrity sha512-bC49otXX6N0/VYhgOMh4gnP26E9xnDZK3TmbNpxYzzz9BQLBosQwfyOe9/cXUU3txYhTzLCbcqd5c8y/OmCjHA==

"@babel/types@^7.0.0", "@babel/types@^7.3.0":
  version "7.9.0"
  resolved "https://registry.yarnpkg.com/@babel/types/-/types-7.9.0.tgz#00b064c3df83ad32b2dbf5ff07312b15c7f1efb5"
  integrity sha512-BS9JKfXkzzJl8RluW4JGknzpiUV7ZrvTayM6yfqLTVBEnFtyowVIOu6rqxRd5cVO6yGoWf4T8u8dgK9oB+GCng==
  dependencies:
    "@babel/helper-validator-identifier" "^7.9.0"
    lodash "^4.17.13"
    to-fast-properties "^2.0.0"

"@nuxt/types@^0.7.1":
  version "0.7.1"
  resolved "https://registry.yarnpkg.com/@nuxt/types/-/types-0.7.1.tgz#356ca820f8286951661a2d8252d17a4487f18e5b"
  integrity sha512-xpdUBxFGnODwhMLHw+bkTKWHZwD0BuiLT/N/sijQqdtWtAlrrbIBdZ8R0gLwYoC1bZNCv2T/f7TKFnDA7i3f8g==
  dependencies:
    "@types/autoprefixer" "^9.7.2"
    "@types/babel__core" "^7.1.7"
    "@types/compression" "^1.7.0"
    "@types/connect" "^3.4.33"
    "@types/etag" "^1.8.0"
    "@types/file-loader" "^4.2.0"
    "@types/html-minifier" "^3.5.3"
    "@types/less" "^3.0.1"
    "@types/node" "^12.12.34"
    "@types/node-sass" "^4.11.0"
    "@types/optimize-css-assets-webpack-plugin" "^5.0.1"
    "@types/pug" "^2.0.4"
    "@types/serve-static" "^1.13.3"
    "@types/terser-webpack-plugin" "^2.2.0"
    "@types/webpack" "^4.41.10"
    "@types/webpack-bundle-analyzer" "^2.13.3"
    "@types/webpack-dev-middleware" "^3.7.0"
    "@types/webpack-hot-middleware" "^2.25.0"

"@types/anymatch@*":
  version "1.3.1"
  resolved "https://registry.yarnpkg.com/@types/anymatch/-/anymatch-1.3.1.tgz#336badc1beecb9dacc38bea2cf32adf627a8421a"
  integrity sha512-/+CRPXpBDpo2RK9C68N3b2cOvO0Cf5B9aPijHsoDQTHivnGSObdOF2BRQOYjojWTDy6nQvMjmqRXIxH55VjxxA==

"@types/autoprefixer@^9.7.2":
  version "9.7.2"
  resolved "https://registry.yarnpkg.com/@types/autoprefixer/-/autoprefixer-9.7.2.tgz#64b3251c9675feef5a631b7dd34cfea50a8fdbcc"
  integrity sha512-QX7U7YW3zX3ex6MECtWO9folTGsXeP4b8bSjTq3I1ODM+H+sFHwGKuof+T+qBcDClGlCGtDb3SVfiTVfmcxw4g==
  dependencies:
    "@types/browserslist" "*"
    postcss "7.x.x"

"@types/babel__core@^7.1.7":
  version "7.1.7"
  resolved "https://registry.yarnpkg.com/@types/babel__core/-/babel__core-7.1.7.tgz#1dacad8840364a57c98d0dd4855c6dd3752c6b89"
  integrity sha512-RL62NqSFPCDK2FM1pSDH0scHpJvsXtZNiYlMB73DgPBaG1E38ZYVL+ei5EkWRbr+KC4YNiAUNBnRj+bgwpgjMw==
  dependencies:
    "@babel/parser" "^7.1.0"
    "@babel/types" "^7.0.0"
    "@types/babel__generator" "*"
    "@types/babel__template" "*"
    "@types/babel__traverse" "*"

"@types/babel__generator@*":
  version "7.6.1"
  resolved "https://registry.yarnpkg.com/@types/babel__generator/-/babel__generator-7.6.1.tgz#4901767b397e8711aeb99df8d396d7ba7b7f0e04"
  integrity sha512-bBKm+2VPJcMRVwNhxKu8W+5/zT7pwNEqeokFOmbvVSqGzFneNxYcEBro9Ac7/N9tlsaPYnZLK8J1LWKkMsLAew==
  dependencies:
    "@babel/types" "^7.0.0"

"@types/babel__template@*":
  version "7.0.2"
  resolved "https://registry.yarnpkg.com/@types/babel__template/-/babel__template-7.0.2.tgz#4ff63d6b52eddac1de7b975a5223ed32ecea9307"
  integrity sha512-/K6zCpeW7Imzgab2bLkLEbz0+1JlFSrUMdw7KoIIu+IUdu51GWaBZpd3y1VXGVXzynvGa4DaIaxNZHiON3GXUg==
  dependencies:
    "@babel/parser" "^7.1.0"
    "@babel/types" "^7.0.0"

"@types/babel__traverse@*":
  version "7.0.10"
  resolved "https://registry.yarnpkg.com/@types/babel__traverse/-/babel__traverse-7.0.10.tgz#d9a99f017317d9b3d1abc2ced45d3bca68df0daf"
  integrity sha512-74fNdUGrWsgIB/V9kTO5FGHPWYY6Eqn+3Z7L6Hc4e/BxjYV7puvBqp5HwsVYYfLm6iURYBNCx4Ut37OF9yitCw==
  dependencies:
    "@babel/types" "^7.3.0"

"@types/body-parser@*":
  version "1.19.0"
  resolved "https://registry.yarnpkg.com/@types/body-parser/-/body-parser-1.19.0.tgz#0685b3c47eb3006ffed117cdd55164b61f80538f"
  integrity sha512-W98JrE0j2K78swW4ukqMleo8R7h/pFETjM2DQ90MF6XK2i4LO4W3gQ71Lt4w3bfm2EvVSyWHplECvB5sK22yFQ==
  dependencies:
    "@types/connect" "*"
    "@types/node" "*"

"@types/browserslist@*":
  version "4.8.0"
  resolved "https://registry.yarnpkg.com/@types/browserslist/-/browserslist-4.8.0.tgz#60489aefdf0fcb56c2d8eb65267ff08dad7a526d"
  integrity sha512-4PyO9OM08APvxxo1NmQyQKlJdowPCOQIy5D/NLO3aO0vGC57wsMptvGp3b8IbYnupFZr92l1dlVief1JvS6STQ==

"@types/clean-css@*":
  version "4.2.1"
  resolved "https://registry.yarnpkg.com/@types/clean-css/-/clean-css-4.2.1.tgz#cb0134241ec5e6ede1b5344bc829668fd9871a8d"
  integrity sha512-A1HQhQ0hkvqqByJMgg+Wiv9p9XdoYEzuwm11SVo1mX2/4PSdhjcrUlilJQoqLscIheC51t1D5g+EFWCXZ2VTQQ==
  dependencies:
    "@types/node" "*"

"@types/compression@^1.7.0":
  version "1.7.0"
  resolved "https://registry.yarnpkg.com/@types/compression/-/compression-1.7.0.tgz#8dc2a56604873cf0dd4e746d9ae4d31ae77b2390"
  integrity sha512-3LzWUM+3k3XdWOUk/RO+uSjv7YWOatYq2QADJntK1pjkk4DfVP0KrIEPDnXRJxAAGKe0VpIPRmlINLDuCedZWw==
  dependencies:
    "@types/express" "*"

"@types/connect@*", "@types/connect@^3.4.33":
  version "3.4.33"
  resolved "https://registry.yarnpkg.com/@types/connect/-/connect-3.4.33.tgz#31610c901eca573b8713c3330abc6e6b9f588546"
  integrity sha512-2+FrkXY4zllzTNfJth7jOqEHC+enpLeGslEhpnTAkg21GkRrWV4SsAtqchtT4YS9/nODBU2/ZfsBY2X4J/dX7A==
  dependencies:
    "@types/node" "*"

"@types/etag@^1.8.0":
  version "1.8.0"
  resolved "https://registry.yarnpkg.com/@types/etag/-/etag-1.8.0.tgz#37f0b1f3ea46da7ae319bbedb607e375b4c99f7e"
  integrity sha512-EdSN0x+Y0/lBv7YAb8IU4Jgm6DWM+Bqtz7o5qozl96fzaqdqbdfHS5qjdpFeIv7xQ8jSLyjMMNShgYtMajEHyQ==
  dependencies:
    "@types/node" "*"

"@types/express-serve-static-core@*":
  version "4.17.3"
  resolved "https://registry.yarnpkg.com/@types/express-serve-static-core/-/express-serve-static-core-4.17.3.tgz#dc8068ee3e354d7fba69feb86b3dfeee49b10f09"
  integrity sha512-sHEsvEzjqN+zLbqP+8OXTipc10yH1QLR+hnr5uw29gi9AhCAAAdri8ClNV7iMdrJrIzXIQtlkPvq8tJGhj3QJQ==
  dependencies:
    "@types/node" "*"
    "@types/range-parser" "*"

"@types/express@*":
  version "4.17.4"
  resolved "https://registry.yarnpkg.com/@types/express/-/express-4.17.4.tgz#e78bf09f3f530889575f4da8a94cd45384520aac"
  integrity sha512-DO1L53rGqIDUEvOjJKmbMEQ5Z+BM2cIEPy/eV3En+s166Gz+FeuzRerxcab757u/U4v4XF4RYrZPmqKa+aY/2w==
  dependencies:
    "@types/body-parser" "*"
    "@types/express-serve-static-core" "*"
    "@types/qs" "*"
    "@types/serve-static" "*"

"@types/file-loader@^4.2.0":
  version "4.2.0"
  resolved "https://registry.yarnpkg.com/@types/file-loader/-/file-loader-4.2.0.tgz#ec8e793e275b7f90cdec3ff286518c6bf7bb8fc3"
  integrity sha512-N3GMqKiKSNd41q4/lZlkdvNXKKWVdOXrA8Rniu64+25X0K2U1mWmTSu1CIqXKKsZUCwfaFcaioviLQtQ+EowLg==
  dependencies:
    "@types/webpack" "*"

"@types/html-minifier@^3.5.3":
  version "3.5.3"
  resolved "https://registry.yarnpkg.com/@types/html-minifier/-/html-minifier-3.5.3.tgz#5276845138db2cebc54c789e0aaf87621a21e84f"
  integrity sha512-j1P/4PcWVVCPEy5lofcHnQ6BtXz9tHGiFPWzqm7TtGuWZEfCHEP446HlkSNc9fQgNJaJZ6ewPtp2aaFla/Uerg==
  dependencies:
    "@types/clean-css" "*"
    "@types/relateurl" "*"
    "@types/uglify-js" "*"

"@types/less@^3.0.1":
  version "3.0.1"
  resolved "https://registry.yarnpkg.com/@types/less/-/less-3.0.1.tgz#625694093c72f8356c4042754e222407e50d6b08"
  integrity sha512-dBp05MtWN/w1fGVjj5LVrDw6VrdYllpWczbUkCsrzBj08IHsSyRLOFvUrCFqZFVR+nsqkrRLNg6oOlvqMLPaSA==

"@types/memory-fs@*":
  version "0.3.2"
  resolved "https://registry.yarnpkg.com/@types/memory-fs/-/memory-fs-0.3.2.tgz#5d4753f9b390cb077c8c8af97bc96463399ceccd"
  integrity sha512-j5AcZo7dbMxHoOimcHEIh0JZe5e1b8q8AqGSpZJrYc7xOgCIP79cIjTdx5jSDLtySnQDwkDTqwlC7Xw7uXw7qg==
  dependencies:
    "@types/node" "*"

"@types/mime@*":
  version "2.0.1"
  resolved "https://registry.yarnpkg.com/@types/mime/-/mime-2.0.1.tgz#dc488842312a7f075149312905b5e3c0b054c79d"
  integrity sha512-FwI9gX75FgVBJ7ywgnq/P7tw+/o1GUbtP0KzbtusLigAOgIgNISRK0ZPl4qertvXSIE8YbsVJueQ90cDt9YYyw==

"@types/node-sass@^4.11.0":
  version "4.11.0"
  resolved "https://registry.yarnpkg.com/@types/node-sass/-/node-sass-4.11.0.tgz#b0372075546e83f39df52bd37359eab00165a04d"
  integrity sha512-uNpVWhwVmbB5luE7b8vxcJwu5np75YkVTBJS0O3ar+hrxqLfyhOKXg9NYBwJ6mMQX/V6/8d6mMZTB7x2r5x9Bw==
  dependencies:
    "@types/node" "*"

"@types/node@*":
  version "13.11.0"
  resolved "https://registry.yarnpkg.com/@types/node/-/node-13.11.0.tgz#390ea202539c61c8fa6ba4428b57e05bc36dc47b"
  integrity sha512-uM4mnmsIIPK/yeO+42F2RQhGUIs39K2RFmugcJANppXe6J1nvH87PvzPZYpza7Xhhs8Yn9yIAVdLZ84z61+0xQ==

"@types/node@^12.12.34":
  version "12.12.34"
  resolved "https://registry.yarnpkg.com/@types/node/-/node-12.12.34.tgz#0a5d6ae5d22612f0cf5f10320e1fc5d2a745dcb8"
  integrity sha512-BneGN0J9ke24lBRn44hVHNeDlrXRYF+VRp0HbSUNnEZahXGAysHZIqnf/hER6aabdBgzM4YOV4jrR8gj4Zfi0g==

"@types/optimize-css-assets-webpack-plugin@^5.0.1":
  version "5.0.1"
  resolved "https://registry.yarnpkg.com/@types/optimize-css-assets-webpack-plugin/-/optimize-css-assets-webpack-plugin-5.0.1.tgz#1f437ef9ef937b393687a8819be2d2fddc03b069"
  integrity sha512-qyi5xmSl+DTmLFtVtelhso3VnNQYxltfgMa+Ed02xqNZCZBD0uYR6i64FmcwfieDzZRdwkJxt9o2JHq/5PBKQg==
  dependencies:
    "@types/webpack" "*"

"@types/pug@^2.0.4":
  version "2.0.4"
  resolved "https://registry.yarnpkg.com/@types/pug/-/pug-2.0.4.tgz#8772fcd0418e3cd2cc171555d73007415051f4b2"
  integrity sha1-h3L80EGOPNLMFxVV1zAHQVBR9LI=

"@types/qs@*":
  version "6.9.1"
  resolved "https://registry.yarnpkg.com/@types/qs/-/qs-6.9.1.tgz#937fab3194766256ee09fcd40b781740758617e7"
  integrity sha512-lhbQXx9HKZAPgBkISrBcmAcMpZsmpe/Cd/hY7LGZS5OfkySUBItnPZHgQPssWYUET8elF+yCFBbP1Q0RZPTdaw==

"@types/range-parser@*":
  version "1.2.3"
  resolved "https://registry.yarnpkg.com/@types/range-parser/-/range-parser-1.2.3.tgz#7ee330ba7caafb98090bece86a5ee44115904c2c"
  integrity sha512-ewFXqrQHlFsgc09MK5jP5iR7vumV/BYayNC6PgJO2LPe8vrnNFyjQjSppfEngITi0qvfKtzFvgKymGheFM9UOA==

"@types/relateurl@*":
  version "0.2.28"
  resolved "https://registry.yarnpkg.com/@types/relateurl/-/relateurl-0.2.28.tgz#6bda7db8653fa62643f5ee69e9f69c11a392e3a6"
  integrity sha1-a9p9uGU/piZD9e5p6facEaOS46Y=

"@types/serve-static@*", "@types/serve-static@^1.13.3":
  version "1.13.3"
  resolved "https://registry.yarnpkg.com/@types/serve-static/-/serve-static-1.13.3.tgz#eb7e1c41c4468272557e897e9171ded5e2ded9d1"
  integrity sha512-oprSwp094zOglVrXdlo/4bAHtKTAxX6VT8FOZlBKrmyLbNvE1zxZyJ6yikMVtHIvwP45+ZQGJn+FdXGKTozq0g==
  dependencies:
    "@types/express-serve-static-core" "*"
    "@types/mime" "*"

"@types/source-list-map@*":
  version "0.1.2"
  resolved "https://registry.yarnpkg.com/@types/source-list-map/-/source-list-map-0.1.2.tgz#0078836063ffaf17412349bba364087e0ac02ec9"
  integrity sha512-K5K+yml8LTo9bWJI/rECfIPrGgxdpeNbj+d53lwN4QjW1MCwlkhUms+gtdzigTeUyBr09+u8BwOIY3MXvHdcsA==

"@types/tapable@*":
  version "1.0.5"
  resolved "https://registry.yarnpkg.com/@types/tapable/-/tapable-1.0.5.tgz#9adbc12950582aa65ead76bffdf39fe0c27a3c02"
  integrity sha512-/gG2M/Imw7cQFp8PGvz/SwocNrmKFjFsm5Pb8HdbHkZ1K8pmuPzOX4VeVoiEecFCVf4CsN1r3/BRvx+6sNqwtQ==

"@types/terser-webpack-plugin@^2.2.0":
  version "2.2.0"
  resolved "https://registry.yarnpkg.com/@types/terser-webpack-plugin/-/terser-webpack-plugin-2.2.0.tgz#b1561e3118b9319d80ff65798c345877669b3e12"
  integrity sha512-ywqEfTm7KdKoX9aYx0zYtiFU1z6IHrIYW9FJqeay2Ea58rTPML1J0hvoztGal2Jow3bkgGKcAmEZNL+8LqUVrA==
  dependencies:
    "@types/webpack" "*"
    terser "^4.3.9"

"@types/uglify-js@*":
  version "3.0.5"
  resolved "https://registry.yarnpkg.com/@types/uglify-js/-/uglify-js-3.0.5.tgz#2c70d5c68f6e002e3b2e4f849adc5f162546f633"
  integrity sha512-L7EbSkhSaWBpkl+PZAEAqZTqtTeIsq7s/oX/q0LNnxxJoRVKQE0T81XDVyaxjiiKQwiV2vhVeYRqxdRNqGOGJw==
  dependencies:
    source-map "^0.6.1"

"@types/webpack-bundle-analyzer@^2.13.3":
  version "2.13.3"
  resolved "https://registry.yarnpkg.com/@types/webpack-bundle-analyzer/-/webpack-bundle-analyzer-2.13.3.tgz#820c8f734e171f081cbf02d889b9cda687cc89dd"
  integrity sha512-p8EXyKfq311FFFfRuAR9tOHFFTQ9DqGrjRQYXbjjEMfl9pKGaTtRy1zFJtPMyZHfRoqh5rsYPVSVknkl004M7A==
  dependencies:
    "@types/webpack" "*"

"@types/webpack-dev-middleware@^3.7.0":
  version "3.7.0"
  resolved "https://registry.yarnpkg.com/@types/webpack-dev-middleware/-/webpack-dev-middleware-3.7.0.tgz#3f90ddf22aef2c592eae528c08739bc4807a7d62"
  integrity sha512-qBJ0+FXarzHwcnIYEc5W41LxC0r74kUIkjCbYBTXq4eKjuFSbt5tSohU5sZYKNnsmHteLJ73Fg+bD4oECCcJxg==
  dependencies:
    "@types/connect" "*"
    "@types/memory-fs" "*"
    "@types/webpack" "*"
    loglevel "^1.6.2"

"@types/webpack-hot-middleware@^2.25.0":
  version "2.25.0"
  resolved "https://registry.yarnpkg.com/@types/webpack-hot-middleware/-/webpack-hot-middleware-2.25.0.tgz#ceb1e0fb43cbb9ec79c4a856c2060f161e12bf30"
  integrity sha512-J+Zk7c99pMnPcxWpPY7CEdc4jhPFX1SVPrqXTzinoF8ea+OmIiHa+oOdVI7leMQFGZ6G9e9Yo1uNPhLVr/R8Uw==
  dependencies:
    "@types/connect" "*"
    "@types/webpack" "*"

"@types/webpack-sources@*":
  version "0.1.7"
  resolved "https://registry.yarnpkg.com/@types/webpack-sources/-/webpack-sources-0.1.7.tgz#0a330a9456113410c74a5d64180af0cbca007141"
  integrity sha512-XyaHrJILjK1VHVC4aVlKsdNN5KBTwufMb43cQs+flGxtPAf/1Qwl8+Q0tp5BwEGaI8D6XT1L+9bSWXckgkjTLw==
  dependencies:
    "@types/node" "*"
    "@types/source-list-map" "*"
    source-map "^0.6.1"

"@types/webpack@*", "@types/webpack@^4.41.10":
  version "4.41.10"
  resolved "https://registry.yarnpkg.com/@types/webpack/-/webpack-4.41.10.tgz#2e1f6b3508a249854efe3dcc7690905ac5ee10be"
  integrity sha512-vIy0qaq8AjOjZLuFPqpo7nAJzcoVXMdw3mvpNN07Uvdy0p1IpJeLNBe3obdRP7FX2jIusDE7z1pZa0A6qYUgnA==
  dependencies:
    "@types/anymatch" "*"
    "@types/node" "*"
    "@types/tapable" "*"
    "@types/uglify-js" "*"
    "@types/webpack-sources" "*"
    source-map "^0.6.0"

"@vue/composition-api@^0.5.0":
  version "0.5.0"
  resolved "https://registry.yarnpkg.com/@vue/composition-api/-/composition-api-0.5.0.tgz#2dbaa02a5d1f5d0d407d53d5529fe444aa8362f3"
  integrity sha512-9QDFWq7q839G1CTTaxeruPOTrrVOPSaVipJ2TxxK9QAruePNTHOGbOOFRpc8WLl4YPsu1/c29yBhMVmrXz8BZw==
  dependencies:
    tslib "^1.9.3"

ansi-styles@^3.2.1:
  version "3.2.1"
  resolved "https://registry.yarnpkg.com/ansi-styles/-/ansi-styles-3.2.1.tgz#41fbb20243e50b12be0f04b8dedbf07520ce841d"
  integrity sha512-VT0ZI6kZRdTh8YyJw3SMbYm/u+NqfsAxEpWO0Pf9sq8/e94WxxOpPKx9FR1FlyCtOVDNOQ+8ntlqFxiRc+r5qA==
  dependencies:
    color-convert "^1.9.0"

buffer-from@^1.0.0:
  version "1.1.1"
  resolved "https://registry.yarnpkg.com/buffer-from/-/buffer-from-1.1.1.tgz#32713bc028f75c02fdb710d7c7bcec1f2c6070ef"
  integrity sha512-MQcXEUbCKtEo7bhqEs6560Hyd4XaovZlO/k9V3hjVUF/zwW7KBVdSK4gIt/bzwS9MbR5qob+F5jusZsb0YQK2A==

chalk@^2.4.2:
  version "2.4.2"
  resolved "https://registry.yarnpkg.com/chalk/-/chalk-2.4.2.tgz#cd42541677a54333cf541a49108c1432b44c9424"
  integrity sha512-Mti+f9lpJNcwF4tWV8/OrTTtF1gZi+f8FqlyAdouralcFWFQWF2+NgCHShjkCb+IFBLq9buZwE1xckQU4peSuQ==
  dependencies:
    ansi-styles "^3.2.1"
    escape-string-regexp "^1.0.5"
    supports-color "^5.3.0"

color-convert@^1.9.0:
  version "1.9.3"
  resolved "https://registry.yarnpkg.com/color-convert/-/color-convert-1.9.3.tgz#bb71850690e1f136567de629d2d5471deda4c1e8"
  integrity sha512-QfAUtd+vFdAtFQcC8CCyYt1fYWxSqAiK2cSD6zDB8N3cpsEBAvRxp9zOGg6G/SHHJYAT88/az/IuDGALsNVbGg==
  dependencies:
    color-name "1.1.3"

color-name@1.1.3:
  version "1.1.3"
  resolved "https://registry.yarnpkg.com/color-name/-/color-name-1.1.3.tgz#a7d0558bd89c42f795dd42328f740831ca53bc25"
  integrity sha1-p9BVi9icQveV3UIyj3QIMcpTvCU=

commander@^2.20.0:
  version "2.20.3"
  resolved "https://registry.yarnpkg.com/commander/-/commander-2.20.3.tgz#fd485e84c03eb4881c20722ba48035e8531aeb33"
  integrity sha512-GpVkmM8vF2vQUkj2LvZmD35JxeJOLCwJ9cUkugyk2nuhbv3+mJvpLYYt+0+USMxE+oj+ey/lJEnhZw75x/OMcQ==

escape-string-regexp@^1.0.5:
  version "1.0.5"
  resolved "https://registry.yarnpkg.com/escape-string-regexp/-/escape-string-regexp-1.0.5.tgz#1b61c0562190a8dff6ae3bb2cf0200ca130b86d4"
  integrity sha1-G2HAViGQqN/2rjuyzwIAyhMLhtQ=

has-flag@^3.0.0:
  version "3.0.0"
  resolved "https://registry.yarnpkg.com/has-flag/-/has-flag-3.0.0.tgz#b5d454dc2199ae225699f3467e5a07f3b955bafd"
  integrity sha1-tdRU3CGZriJWmfNGfloH87lVuv0=

lodash@^4.17.13:
  version "4.17.15"
  resolved "https://registry.yarnpkg.com/lodash/-/lodash-4.17.15.tgz#b447f6670a0455bbfeedd11392eff330ea097548"
  integrity sha512-8xOcRHvCjnocdS5cpwXQXVzmmh5e5+saE2QGoeQmbKmRS6J3VQppPOIt0MnmE+4xlZoumy0GPG0D0MVIQbNA1A==

loglevel@^1.6.2:
  version "1.6.7"
  resolved "https://registry.yarnpkg.com/loglevel/-/loglevel-1.6.7.tgz#b3e034233188c68b889f5b862415306f565e2c56"
  integrity sha512-cY2eLFrQSAfVPhCgH1s7JI73tMbg9YC3v3+ZHVW67sBS7UxWzNEk/ZBbSfLykBWHp33dqqtOv82gjhKEi81T/A==

postcss@7.x.x:
  version "7.0.27"
  resolved "https://registry.yarnpkg.com/postcss/-/postcss-7.0.27.tgz#cc67cdc6b0daa375105b7c424a85567345fc54d9"
  integrity sha512-WuQETPMcW9Uf1/22HWUWP9lgsIC+KEHg2kozMflKjbeUtw9ujvFX6QmIfozaErDkmLWS9WEnEdEe6Uo9/BNTdQ==
  dependencies:
    chalk "^2.4.2"
    source-map "^0.6.1"
    supports-color "^6.1.0"

source-map-support@~0.5.12:
  version "0.5.16"
  resolved "https://registry.yarnpkg.com/source-map-support/-/source-map-support-0.5.16.tgz#0ae069e7fe3ba7538c64c98515e35339eac5a042"
  integrity sha512-efyLRJDr68D9hBBNIPWFjhpFzURh+KJykQwvMyW5UiZzYwoF6l4YMMDIJJEyFWxWCqfyxLzz6tSfUFR+kXXsVQ==
  dependencies:
    buffer-from "^1.0.0"
    source-map "^0.6.0"

source-map@^0.6.0, source-map@^0.6.1, source-map@~0.6.1:
  version "0.6.1"
  resolved "https://registry.yarnpkg.com/source-map/-/source-map-0.6.1.tgz#74722af32e9614e9c287a8d0bbde48b5e2f1a263"
  integrity sha512-UjgapumWlbMhkBgzT7Ykc5YXUT46F0iKu8SGXq0bcwP5dz/h0Plj6enJqjz1Zbq2l5WaqYnrVbwWOWMyF3F47g==

supports-color@^5.3.0:
  version "5.5.0"
  resolved "https://registry.yarnpkg.com/supports-color/-/supports-color-5.5.0.tgz#e2e69a44ac8772f78a1ec0b35b689df6530efc8f"
  integrity sha512-QjVjwdXIt408MIiAqCX4oUKsgU2EqAGzs2Ppkm4aQYbjm+ZEWEcW4SfFNTr4uMNZma0ey4f5lgLrkB0aX0QMow==
  dependencies:
    has-flag "^3.0.0"

supports-color@^6.1.0:
  version "6.1.0"
  resolved "https://registry.yarnpkg.com/supports-color/-/supports-color-6.1.0.tgz#0764abc69c63d5ac842dd4867e8d025e880df8f3"
  integrity sha512-qe1jfm1Mg7Nq/NSh6XE24gPXROEVsWHxC1LIx//XNlD9iw7YZQGjZNjYN7xGaEG6iKdA8EtNFW6R0gjnVXp+wQ==
  dependencies:
    has-flag "^3.0.0"

terser@^4.3.9:
  version "4.6.10"
  resolved "https://registry.yarnpkg.com/terser/-/terser-4.6.10.tgz#90f5bd069ff456ddbc9503b18e52f9c493d3b7c2"
  integrity sha512-qbF/3UOo11Hggsbsqm2hPa6+L4w7bkr+09FNseEe8xrcVD3APGLFqE+Oz1ZKAxjYnFsj80rLOfgAtJ0LNJjtTA==
  dependencies:
    commander "^2.20.0"
    source-map "~0.6.1"
    source-map-support "~0.5.12"

to-fast-properties@^2.0.0:
  version "2.0.0"
  resolved "https://registry.yarnpkg.com/to-fast-properties/-/to-fast-properties-2.0.0.tgz#dc5e698cbd079265bc73e0377681a4e4e83f616e"
  integrity sha1-3F5pjL0HkmW8c+A3doGk5Og/YW4=

tslib@^1.9.3:
  version "1.11.1"
  resolved "https://registry.yarnpkg.com/tslib/-/tslib-1.11.1.tgz#eb15d128827fbee2841549e171f45ed338ac7e35"
  integrity sha512-aZW88SY8kQbU7gpV19lN24LtXh/yD4ZZg6qieAJDDg+YBsJcSmLGK9QpnUjAKVG/xefmvJGd1WUmfpT/g6AJGA==

vue@^2.6.11:
  version "2.6.11"
  resolved "https://registry.yarnpkg.com/vue/-/vue-2.6.11.tgz#76594d877d4b12234406e84e35275c6d514125c5"
  integrity sha512-VfPwgcGABbGAue9+sfrD4PuwFar7gPb1yl1UK1MwXoQPAw0BKSqWfoYCT/ThFrdEVWoI51dBuyCoiNU9bZDZxQ==

vuexen@^0.0.3:
  version "0.0.3"
  resolved "https://registry.yarnpkg.com/vuexen/-/vuexen-0.0.3.tgz#92c5d3047046ae3006f3f8a7e2e1a1e2944d2f76"
  integrity sha512-EcRDnYeUxq7+YMFCHZRBInx1tJmswObtMlx1zA0KuETznltJ1ePE92oq2Ciee6Xp4pD6FIPfIPST5+cVhdWacQ==
  dependencies:
    "@vue/composition-api" "^0.5.0"
    vue "^2.6.11"
